
Microsoft Visual Studio Solution File, Format Version 12.00
# Visual Studio Version 17
VisualStudioVersion = 17.6.33829.357
MinimumVisualStudioVersion = 10.0.40219.1
Project("{FAE04EC0-301F-11D3-BF4B-00C04F79EFBC}") = "Array ForEach", "Array ForEach\Array ForEach.csproj", "{C2C959DB-A75B-4A66-A1DF-75432282D264}"
EndProject
Global
	GlobalSection(SolutionConfigurationPlatforms) = preSolution
		Debug|Any CPU = Debug|Any CPU
		Release|Any CPU = Release|Any CPU
	EndGlobalSection
	GlobalSection(ProjectConfigurationPlatforms) = postSolution
		{C2C959DB-A75B-4A66-A1DF-75432282D264}.Debug|Any CPU.ActiveCfg = Debug|Any CPU
		{C2C959DB-A75B-4A66-A1DF-75432282D264}.Debug|Any CPU.Build.0 = Debug|Any CPU
		{C2C959DB-A75B-4A66-A1DF-75432282D264}.Release|Any CPU.ActiveCfg = Release|Any CPU
		{C2C959DB-A75B-4A66-A1DF-75432282D264}.Release|Any CPU.Build.0 = Release|Any CPU
	EndGlobalSection
	GlobalSection(SolutionProperties) = preSolution
		HideSolutionNode = FALSE
	EndGlobalSection
	GlobalSection(ExtensibilityGlobals) = postSolution
		SolutionGuid = {250B552C-76FC-4DF2-8A36-FD02D81C841D}
	EndGlobalSection
EndGlobal
